// !$*UTF8*$!
{
	archiveVersion = 1;
	classes = {
	};
	objectVersion = 46;
	objects = {

/* Begin PBXBuildFile section */
		601D76816E83D950E14B498C /* libPods-LFFMDB.a in Frameworks */ = {isa = PBXBuildFile; fileRef = A4265E050981D12A3523D3DB /* libPods-LFFMDB.a */; };
		A2AB4A6A1E88FF90003D08A7 /* SQLTool.m in Sources */ = {isa = PBXBuildFile; fileRef = A2AB4A691E88FF90003D08A7 /* SQLTool.m */; };
		A2AB4A6D1E89063C003D08A7 /* NSString+SqlAddition.m in Sources */ = {isa = PBXBuildFile; fileRef = A2AB4A6C1E89063C003D08A7 /* NSString+SqlAddition.m */; };
		A2AB4A701E89299A003D08A7 /* NSObject+GetProperties.m in Sources */ = {isa = PBXBuildFile; fileRef = A2AB4A6F1E89299A003D08A7 /* NSObject+GetProperties.m */; };
		E8CF9ED21E253EB400EA90C7 /* main.m in Sources */ = {isa = PBXBuildFile; fileRef = E8CF9ED11E253EB400EA90C7 /* main.m */; };
		E8CF9ED51E253EB400EA90C7 /* AppDelegate.m in Sources */ = {isa = PBXBuildFile; fileRef = E8CF9ED41E253EB400EA90C7 /* AppDelegate.m */; };
		E8CF9ED81E253EB400EA90C7 /* ViewController.m in Sources */ = {isa = PBXBuildFile; fileRef = E8CF9ED71E253EB400EA90C7 /* ViewController.m */; };
		E8CF9EDB1E253EB400EA90C7 /* Main.storyboard in Resources */ = {isa = PBXBuildFile; fileRef = E8CF9ED91E253EB400EA90C7 /* Main.storyboard */; };
		E8CF9EDD1E253EB400EA90C7 /* Assets.xcassets in Resources */ = {isa = PBXBuildFile; fileRef = E8CF9EDC1E253EB400EA90C7 /* Assets.xcassets */; };
		E8CF9EE01E253EB400EA90C7 /* LaunchScreen.storyboard in Resources */ = {isa = PBXBuildFile; fileRef = E8CF9EDE1E253EB400EA90C7 /* LaunchScreen.storyboard */; };
/* End PBXBuildFile section */

/* Begin PBXFileReference section */
		1479D7D53FF69A41BC9480A3 /* Pods-LFFMDB.debug.xcconfig */ = {isa = PBXFileReference; includeInIndex = 1; lastKnownFileType = text.xcconfig; name = "Pods-LFFMDB.debug.xcconfig"; path = "Pods/Target Support Files/Pods-LFFMDB/Pods-LFFMDB.debug.xcconfig"; sourceTree = "<group>"; };
		2A595C735FC9271151B119AB /* Pods-LFFMDB.release.xcconfig */ = {isa = PBXFileReference; includeInIndex = 1; lastKnownFileType = text.xcconfig; name = "Pods-LFFMDB.release.xcconfig"; path = "Pods/Target Support Files/Pods-LFFMDB/Pods-LFFMDB.release.xcconfig"; sourceTree = "<group>"; };
		A2AB4A681E88FF90003D08A7 /* SQLTool.h */ = {isa = PBXFileReference; fileEncoding = 4; lastKnownFileType = sourcecode.c.h; path = SQLTool.h; sourceTree = "<group>"; };
		A2AB4A691E88FF90003D08A7 /* SQLTool.m */ = {isa = PBXFileReference; fileEncoding = 4; lastKnownFileType = sourcecode.c.objc; path = SQLTool.m; sourceTree = "<group>"; };
		A2AB4A6B1E89063C003D08A7 /* NSString+SqlAddition.h */ = {isa = PBXFileReference; fileEncoding = 4; lastKnownFileType = sourcecode.c.h; path = "NSString+SqlAddition.h"; sourceTree = "<group>"; };
		A2AB4A6C1E89063C003D08A7 /* NSString+SqlAddition.m */ = {isa = PBXFileReference; fileEncoding = 4; lastKnownFileType = sourcecode.c.objc; path = "NSString+SqlAddition.m"; sourceTree = "<group>"; };
		A2AB4A6E1E89299A003D08A7 /* NSObject+GetProperties.h */ = {isa = PBXFileReference; fileEncoding = 4; lastKnownFileType = sourcecode.c.h; path = "NSObject+GetProperties.h"; sourceTree = "<group>"; };
		A2AB4A6F1E89299A003D08A7 /* NSObject+GetProperties.m */ = {isa = PBXFileReference; fileEncoding = 4; lastKnownFileType = sourcecode.c.objc; path = "NSObject+GetProperties.m"; sourceTree = "<group>"; };
		A4265E050981D12A3523D3DB /* libPods-LFFMDB.a */ = {isa = PBXFileReference; explicitFileType = archive.ar; includeInIndex = 0; path = "libPods-LFFMDB.a"; sourceTree = BUILT_PRODUCTS_DIR; };
		E8CF9ECD1E253EB400EA90C7 /* LFFMDB.app */ = {isa = PBXFileReference; explicitFileType = wrapper.application; includeInIndex = 0; path = LFFMDB.app; sourceTree = BUILT_PRODUCTS_DIR; };
		E8CF9ED11E253EB400EA90C7 /* main.m */ = {isa = PBXFileReference; lastKnownFileType = sourcecode.c.objc; path = main.m; sourceTree = "<group>"; };
		E8CF9ED31E253EB400EA90C7 /* AppDelegate.h */ = {isa = PBXFileReference; lastKnownFileType = sourcecode.c.h; path = AppDelegate.h; sourceTree = "<group>"; };
		E8CF9ED41E253EB400EA90C7 /* AppDelegate.m */ = {isa = PBXFileReference; lastKnownFileType = sourcecode.c.objc; path = AppDelegate.m; sourceTree = "<group>"; };
		E8CF9ED61E253EB400EA90C7 /* ViewController.h */ = {isa = PBXFileReference; lastKnownFileType = sourcecode.c.h; path = ViewController.h; sourceTree = "<group>"; };
		E8CF9ED71E253EB400EA90C7 /* ViewController.m */ = {isa = PBXFileReference; lastKnownFileType = sourcecode.c.objc; path = ViewController.m; sourceTree = "<group>"; };
		E8CF9EDA1E253EB400EA90C7 /* Base */ = {isa = PBXFileReference; lastKnownFileType = file.storyboard; name = Base; path = Base.lproj/Main.storyboard; sourceTree = "<group>"; };
		E8CF9EDC1E253EB400EA90C7 /* Assets.xcassets */ = {isa = PBXFileReference; lastKnownFileType = folder.assetcatalog; path = Assets.xcassets; sourceTree = "<group>"; };
		E8CF9EDF1E253EB400EA90C7 /* Base */ = {isa = PBXFileReference; lastKnownFileType = file.storyboard; name = Base; path = Base.lproj/LaunchScreen.storyboard; sourceTree = "<group>"; };
		E8CF9EE11E253EB400EA90C7 /* Info.plist */ = {isa = PBXFileReference; lastKnownFileType = text.plist.xml; path = Info.plist; sourceTree = "<group>"; };
/* End PBXFileReference section */

/* Begin PBXFrameworksBuildPhase section */
		E8CF9ECA1E253EB400EA90C7 /* Frameworks */ = {
			isa = PBXFrameworksBuildPhase;
			buildActionMask = 2147483647;
			files = (
				601D76816E83D950E14B498C /* libPods-LFFMDB.a in Frameworks */,
			);
			runOnlyForDeploymentPostprocessing = 0;
		};
/* End PBXFrameworksBuildPhase section */

/* Begin PBXGroup section */
		00F9DE6933FE8D9A38CB70C4 /* Frameworks */ = {
			isa = PBXGroup;
			children = (
				A4265E050981D12A3523D3DB /* libPods-LFFMDB.a */,
			);
			name = Frameworks;
			sourceTree = "<group>";
		};
		2301737C2B57E54033221E16 /* Pods */ = {
			isa = PBXGroup;
			children = (
				1479D7D53FF69A41BC9480A3 /* Pods-LFFMDB.debug.xcconfig */,
				2A595C735FC9271151B119AB /* Pods-LFFMDB.release.xcconfig */,
			);
			name = Pods;
			sourceTree = "<group>";
		};
		E8CF9EC41E253EB400EA90C7 = {
			isa = PBXGroup;
			children = (
				E8CF9ECF1E253EB400EA90C7 /* LFFMDB */,
				E8CF9ECE1E253EB400EA90C7 /* Products */,
				2301737C2B57E54033221E16 /* Pods */,
				00F9DE6933FE8D9A38CB70C4 /* Frameworks */,
			);
			sourceTree = "<group>";
		};
		E8CF9ECE1E253EB400EA90C7 /* Products */ = {
			isa = PBXGroup;
			children = (
				E8CF9ECD1E253EB400EA90C7 /* LFFMDB.app */,
			);
			name = Products;
			sourceTree = "<group>";
		};
		E8CF9ECF1E253EB400EA90C7 /* LFFMDB */ = {
			isa = PBXGroup;
			children = (
				E8CF9ED31E253EB400EA90C7 /* AppDelegate.h */,
				E8CF9ED41E253EB400EA90C7 /* AppDelegate.m */,
				E8CF9ED61E253EB400EA90C7 /* ViewController.h */,
				E8CF9ED71E253EB400EA90C7 /* ViewController.m */,
				A2AB4A681E88FF90003D08A7 /* SQLTool.h */,
				A2AB4A691E88FF90003D08A7 /* SQLTool.m */,
				A2AB4A6B1E89063C003D08A7 /* NSString+SqlAddition.h */,
				A2AB4A6C1E89063C003D08A7 /* NSString+SqlAddition.m */,
				A2AB4A6E1E89299A003D08A7 /* NSObject+GetProperties.h */,
				A2AB4A6F1E89299A003D08A7 /* NSObject+GetProperties.m */,
				E8CF9ED91E253EB400EA90C7 /* Main.storyboard */,
				E8CF9EDC1E253EB400EA90C7 /* Assets.xcassets */,
				E8CF9EDE1E253EB400EA90C7 /* LaunchScreen.storyboard */,
				E8CF9EE11E253EB400EA90C7 /* Info.plist */,
				E8CF9ED01E253EB400EA90C7 /* Supporting Files */,
			);
			path = LFFMDB;
			sourceTree = "<group>";
		};
		E8CF9ED01E253EB400EA90C7 /* Supporting Files */ = {
			isa = PBXGroup;
			children = (
				E8CF9ED11E253EB400EA90C7 /* main.m */,
			);
			name = "Supporting Files";
			sourceTree = "<group>";
		};
/* End PBXGroup section */

/* Begin PBXNativeTarget section */
		E8CF9ECC1E253EB400EA90C7 /* LFFMDB */ = {
			isa = PBXNativeTarget;
			buildConfigurationList = E8CF9EE41E253EB400EA90C7 /* Build configuration list for PBXNativeTarget "LFFMDB" */;
			buildPhases = (
				1779332E1967AE795BC48102 /* Check Pods Manifest.lock */,
				E8CF9EC91E253EB400EA90C7 /* Sources */,
				E8CF9ECA1E253EB400EA90C7 /* Frameworks */,
				E8CF9ECB1E253EB400EA90C7 /* Resources */,
				935073D4761B61C195E849B6 /* Embed Pods Frameworks */,
				7881A2ADB95287FDB642D35C /* Copy Pods Resources */,
			);
			buildRules = (
			);
			dependencies = (
			);
			name = LFFMDB;
			productName = LFFMDB;
			productReference = E8CF9ECD1E253EB400EA90C7 /* LFFMDB.app */;
			productType = "com.apple.product-type.application";
		};
/* End PBXNativeTarget section */

/* Begin PBXProject section */
		E8CF9EC51E253EB400EA90C7 /* Project object */ = {
			isa = PBXProject;
			attributes = {
				LastUpgradeCheck = 0820;
				ORGANIZATIONNAME = LuoFengcompany;
				TargetAttributes = {
					E8CF9ECC1E253EB400EA90C7 = {
						CreatedOnToolsVersion = 8.2.1;
						ProvisioningStyle = Automatic;
					};
				};
			};
			buildConfigurationList = E8CF9EC81E253EB400EA90C7 /* Build configuration list for PBXProject "LFFMDB" */;
			compatibilityVersion = "Xcode 3.2";
			developmentRegion = English;
			hasScannedForEncodings = 0;
			knownRegions = (
				en,
				Base,
			);
			mainGroup = E8CF9EC41E253EB400EA90C7;
			productRefGroup = E8CF9ECE1E253EB400EA90C7 /* Products */;
			projectDirPath = "";
			projectRoot = "";
			targets = (
				E8CF9ECC1E253EB400EA90C7 /* LFFMDB */,
			);
		};
/* End PBXProject section */

/* Begin PBXResourcesBuildPhase section */
		E8CF9ECB1E253EB400EA90C7 /* Resources */ = {
			isa = PBXResourcesBuildPhase;
			buildActionMask = 2147483647;
			files = (
				E8CF9EE01E253EB400EA90C7 /* LaunchScreen.storyboard in Resources */,
				E8CF9EDD1E253EB400EA90C7 /* Assets.xcassets in Resources */,
				E8CF9EDB1E253EB400EA90C7 /* Main.storyboard in Resources */,
			);
			runOnlyForDeploymentPostprocessing = 0;
		};
/* End PBXResourcesBuildPhase section */

/* Begin PBXShellScriptBuildPhase section */
		1779332E1967AE795BC48102 /* Check Pods Manifest.lock */ = {
			isa = PBXShellScriptBuildPhase;
			buildActionMask = 2147483647;
			files = (
			);
			inputPaths = (
			);
			name = "Check Pods Manifest.lock";
			outputPaths = (
			);
			runOnlyForDeploymentPostprocessing = 0;
			shellPath = /bin/sh;
			shellScript = "diff \"${PODS_ROOT}/../Podfile.lock\" \"${PODS_ROOT}/Manifest.lock\" > /dev/null\nif [[ $? != 0 ]] ; then\n    cat << EOM\nerror: The sandbox is not in sync with the Podfile.lock. Run 'pod install' or update your CocoaPods installation.\nEOM\n    exit 1\nfi\n";
			showEnvVarsInLog = 0;
		};
		7881A2ADB95287FDB642D35C /* Copy Pods Resources */ = {
			isa = PBXShellScriptBuildPhase;
			buildActionMask = 2147483647;
			files = (
			);
			inputPaths = (
			);
			name = "Copy Pods Resources";
			outputPaths = (
			);
			runOnlyForDeploymentPostprocessing = 0;
			shellPath = /bin/sh;
			shellScript = "\"${SRCROOT}/Pods/Target Support Files/Pods-LFFMDB/Pods-LFFMDB-resources.sh\"\n";
			showEnvVarsInLog = 0;
		};
		935073D4761B61C195E849B6 /* Embed Pods Frameworks */ = {
			isa = PBXShellScriptBuildPhase;
			buildActionMask = 2147483647;
			files = (
			);
			inputPaths = (
			);
			name = "Embed Pods Frameworks";
			outputPaths = (
			);
			runOnlyForDeploymentPostprocessing = 0;
			shellPath = /bin/sh;
			shellScript = "\"${SRCROOT}/Pods/Target Support Files/Pods-LFFMDB/Pods-LFFMDB-frameworks.sh\"\n";
			showEnvVarsInLog = 0;
		};
/* End PBXShellScriptBuildPhase section */

/* Begin PBXSourcesBuildPhase section */
		E8CF9EC91E253EB400EA90C7 /* Sources */ = {
			isa = PBXSourcesBuildPhase;
			buildActionMask = 2147483647;
			files = (
				E8CF9ED81E253EB400EA90C7 /* ViewController.m in Sources */,
				E8CF9ED51E253EB400EA90C7 /* AppDelegate.m in Sources */,
				A2AB4A6D1E89063C003D08A7 /* NSString+SqlAddition.m in Sources */,
				A2AB4A701E89299A003D08A7 /* NSObject+GetProperties.m in Sources */,
				A2AB4A6A1E88FF90003D08A7 /* SQLTool.m in Sources */,
				E8CF9ED21E253EB400EA90C7 /* main.m in Sources */,
			);
			runOnlyForDeploymentPostprocessing = 0;
		};
/* End PBXSourcesBuildPhase section */

/* Begin PBXVariantGroup section */
		E8CF9ED91E253EB400EA90C7 /* Main.storyboard */ = {
			isa = PBXVariantGroup;
			children = (
				E8CF9EDA1E253EB400EA90C7 /* Base */,
			);
			name = Main.storyboard;
			sourceTree = "<group>";
		};
		E8CF9EDE1E253EB400EA90C7 /* LaunchScreen.storyboard */ = {
			isa = PBXVariantGroup;
			children = (
				E8CF9EDF1E253EB400EA90C7 /* Base */,
			);
			name = LaunchScreen.storyboard;
			sourceTree = "<group>";
		};
/* End PBXVariantGroup section */

/* Begin XCBuildConfiguration section */
		E8CF9EE21E253EB400EA90C7 /* Debug */ = {
			isa = XCBuildConfiguration;
			buildSettings = {
				ALWAYS_SEARCH_USER_PATHS = NO;
				CLANG_ANALYZER_NONNULL = YES;
				CLANG_CXX_LANGUAGE_STANDARD = "gnu++0x";
				CLANG_CXX_LIBRARY = "libc++";
				CLANG_ENABLE_MODULES = YES;
				CLANG_ENABLE_OBJC_ARC = YES;
				CLANG_WARN_BOOL_CONVERSION = YES;
				CLANG_WARN_CONSTANT_CONVERSION = YES;
				CLANG_WARN_DIRECT_OBJC_ISA_USAGE = YES_ERROR;
				CLANG_WARN_DOCUMENTATION_COMMENTS = YES;
				CLANG_WARN_EMPTY_BODY = YES;
				CLANG_WARN_ENUM_CONVERSION = YES;
				CLANG_WARN_INFINITE_RECURSION = YES;
				CLANG_WARN_INT_CONVERSION = YES;
				CLANG_WARN_OBJC_ROOT_CLASS = YES_ERROR;
				CLANG_WARN_SUSPICIOUS_MOVE = YES;
				CLANG_WARN_UNREACHABLE_CODE = YES;
				CLANG_WARN__DUPLICATE_METHOD_MATCH = YES;
				"CODE_SIGN_IDENTITY[sdk=iphoneos*]" = "iPhone Developer";
				COPY_PHASE_STRIP = NO;
				DEBUG_INFORMATION_FORMAT = dwarf;
				ENABLE_STRICT_OBJC_MSGSEND = YES;
				ENABLE_TESTABILITY = YES;
				GCC_C_LANGUAGE_STANDARD = gnu99;
				GCC_DYNAMIC_NO_PIC = NO;
				GCC_NO_COMMON_BLOCKS = YES;
				GCC_OPTIMIZATION_LEVEL = 0;
				GCC_PREPROCESSOR_DEFINITIONS = (
					"DEBUG=1",
					"$(inherited)",
				);
				GCC_WARN_64_TO_32_BIT_CONVERSION = YES;
				GCC_WARN_ABOUT_RETURN_TYPE = YES_ERROR;
				GCC_WARN_UNDECLARED_SELECTOR = YES;
				GCC_WARN_UNINITIALIZED_AUTOS = YES_AGGRESSIVE;
				GCC_WARN_UNUSED_FUNCTION = YES;
				GCC_WARN_UNUSED_VARIABLE = YES;
				IPHONEOS_DEPLOYMENT_TARGET = 10.2;
				MTL_ENABLE_DEBUG_INFO = YES;
				ONLY_ACTIVE_ARCH = YES;
				SDKROOT = iphoneos;
			};
			name = Debug;
		};
		E8CF9EE31E253EB400EA90C7 /* Release */ = {
			isa = XCBuildConfiguration;
			buildSettings = {
				ALWAYS_SEARCH_USER_PATHS = NO;
				CLANG_ANALYZER_NONNULL = YES;
				CLANG_CXX_LANGUAGE_STANDARD = "gnu++0x";
				CLANG_CXX_LIBRARY = "libc++";
				CLANG_ENABLE_MODULES = YES;
				CLANG_ENABLE_OBJC_ARC = YES;
				CLANG_WARN_BOOL_CONVERSION = YES;
				CLANG_WARN_CONSTANT_CONVERSION = YES;
				CLANG_WARN_DIRECT_OBJC_ISA_USAGE = YES_ERROR;
				CLANG_WARN_DOCUMENTATION_COMMENTS = YES;
				CLANG_WARN_EMPTY_BODY = YES;
				CLANG_WARN_ENUM_CONVERSION = YES;
				CLANG_WARN_INFINITE_RECURSION = YES;
				CLANG_WARN_INT_CONVERSION = YES;
				CLANG_WARN_OBJC_ROOT_CLASS = YES_ERROR;
				CLANG_WARN_SUSPICIOUS_MOVE = YES;
				CLANG_WARN_UNREACHABLE_CODE = YES;
				CLANG_WARN__DUPLICATE_METHOD_MATCH = YES;
				"CODE_SIGN_IDENTITY[sdk=iphoneos*]" = "iPhone Developer";
				COPY_PHASE_STRIP = NO;
				DEBUG_INFORMATION_FORMAT = "dwarf-with-dsym";
				ENABLE_NS_ASSERTIONS = NO;
				ENABLE_STRICT_OBJC_MSGSEND = YES;
				GCC_C_LANGUAGE_STANDARD = gnu99;
				GCC_NO_COMMON_BLOCKS = YES;
				GCC_WARN_64_TO_32_BIT_CONVERSION = YES;
				GCC_WARN_ABOUT_RETURN_TYPE = YES_ERROR;
				GCC_WARN_UNDECLARED_SELECTOR = YES;
				GCC_WARN_UNINITIALIZED_AUTOS = YES_AGGRESSIVE;
				GCC_WARN_UNUSED_FUNCTION = YES;
				GCC_WARN_UNUSED_VARIABLE = YES;
				IPHONEOS_DEPLOYMENT_TARGET = 10.2;
				MTL_ENABLE_DEBUG_INFO = NO;
				SDKROOT = iphoneos;
				VALIDATE_PRODUCT = YES;
			};
			name = Release;
		};
		E8CF9EE51E253EB400EA90C7 /* Debug */ = {
			isa = XCBuildConfiguration;
			baseConfigurationReference = 1479D7D53FF69A41BC9480A3 /* Pods-LFFMDB.debug.xcconfig */;
			buildSettings = {
				ASSETCATALOG_COMPILER_APPICON_NAME = AppIcon;
				INFOPLIST_FILE = LFFMDB/Info.plist;
				LD_RUNPATH_SEARCH_PATHS = "$(inherited) @executable_path/Frameworks";
				PRODUCT_BUNDLE_IDENTIFIER = com.luofeng.LFFMDB;
				PRODUCT_NAME = "$(TARGET_NAME)";
			};
			name = Debug;
		};
		E8CF9EE61E253EB400EA90C7 /* Release */ = {
			isa = XCBuildConfiguration;
			baseConfigurationReference = 2A595C735FC9271151B119AB /* Pods-LFFMDB.release.xcconfig */;
			buildSettings = {
				ASSETCATALOG_COMPILER_APPICON_NAME = AppIcon;
				INFOPLIST_FILE = LFFMDB/Info.plist;
				LD_RUNPATH_SEARCH_PATHS = "$(inherited) @executable_path/Frameworks";
				PRODUCT_BUNDLE_IDENTIFIER = com.luofeng.LFFMDB;
				PRODUCT_NAME = "$(TARGET_NAME)";
			};
			name = Release;
		};
/* End XCBuildConfiguration section */

/* Begin XCConfigurationList section */
		E8CF9EC81E253EB400EA90C7 /* Build configuration list for PBXProject "LFFMDB" */ = {
			isa = XCConfigurationList;
			buildConfigurations = (
				E8CF9EE21E253EB400EA90C7 /* Debug */,
				E8CF9EE31E253EB400EA90C7 /* Release */,
			);
			defaultConfigurationIsVisible = 0;
			defaultConfigurationName = Release;
		};
		E8CF9EE41E253EB400EA90C7 /* Build configuration list for PBXNativeTarget "LFFMDB" */ = {
			isa = XCConfigurationList;
			buildConfigurations = (
				E8CF9EE51E253EB400EA90C7 /* Debug */,
				E8CF9EE61E253EB400EA90C7 /* Release */,
			);
			defaultConfigurationIsVisible = 0;
			defaultConfigurationName = Release;
		};
/* End XCConfigurationList section */
	};
	rootObject = E8CF9EC51E253EB400EA90C7 /* Project object */;
}
